{
    "_meta": {
        "hash": {
            "sha256": "f25710db8623939f841d58dd4e0ec4b95d45bbcf6811504588dc7a4d72a2599a"
        },
        "pipfile-spec": 6,
        "requires": {},
        "sources": [
            {
                "name": "pypi",
                "url": "https://pypi.org/simple",
                "verify_ssl": true
            }
        ]
    },
    "default": {
        "bleach": {
            "hashes": [
                "sha256:6123ddc1052673e52bab52cdc955bcb57a015264a1c57d37bea2f6b817af0125",
                "sha256:98b3170739e5e83dd9dc19633f074727ad848cbedb6026708c8ac2d3b697a433"
            ],
            "index": "pypi",
            "version": "==3.3.0"
        },
        "certifi": {
            "hashes": [
                "sha256:1a4995114262bffbc2413b159f2a1a480c969de6e6eb13ee966d470af86af59c",
                "sha256:719a74fb9e33b9bd44cc7f3a8d94bc35e4049deebe19ba7d8e108280cfd59830"
            ],
            "version": "==2020.12.5"
        },
        "chardet": {
            "hashes": [
                "sha256:0d6f53a15db4120f2b08c94f11e7d93d2c911ee118b6b30a04ec3ee8310179fa",
                "sha256:f864054d66fd9118f2e67044ac8981a54775ec5b67aed0441892edb553d21da5"
            ],
            "version": "==4.0.0"
        },
        "docutils": {
            "hashes": [
                "sha256:0c5b78adfbf7762415433f5515cd5c9e762339e23369dbe8000d84a4bf4ab3af",
                "sha256:c2de3a60e9e7d07be26b7f2b00ca0309c207e06c100f9cc2a94931fc75a478fc"
            ],
            "version": "==0.16"
        },
        "idna": {
            "hashes": [
                "sha256:b307872f855b18632ce0c21c5e45be78c0ea7ae4c15c828c20788b26921eb3f6",
                "sha256:b97d804b1e9b523befed77c48dacec60e6dcb0b5391d57af6a65a312a90648c0"
            ],
            "version": "==2.10"
        },
        "packaging": {
            "hashes": [
                "sha256:5b327ac1320dc863dca72f4514ecc086f31186744b84a230374cc1fd776feae5",
                "sha256:67714da7f7bc052e064859c05c595155bd1ee9f69f76557e21f051443c20947a"
            ],
            "version": "==20.9"
        },
        "pkginfo": {
            "hashes": [
                "sha256:029a70cb45c6171c329dfc890cde0879f8c52d6f3922794796e06f577bb03db4",
                "sha256:9fdbea6495622e022cc72c2e5e1b735218e4ffb2a2a69cde2694a6c1f16afb75"
            ],
            "version": "==1.7.0"
        },
        "pygments": {
            "hashes": [
                "sha256:bc9591213a8f0e0ca1a5e68a479b4887fdc3e75d0774e5c71c31920c427de435",
                "sha256:df49d09b498e83c1a73128295860250b0b7edd4c723a32e9bc0d295c7c2ec337"
            ],
            "version": "==2.7.4"
        },
        "pyparsing": {
            "hashes": [
                "sha256:1c6409312ce2ce2997896af5756753778d5f1603666dba5587804f09ad82ed27",
                "sha256:f4896b4cc085a1f8f8ae53a1a90db5a86b3825ff73eb974dffee3d9e701007f4"
            ],
            "version": "==3.0.0b2"
        },
        "readme-renderer": {
            "hashes": [
                "sha256:267854ac3b1530633c2394ead828afcd060fc273217c42ac36b6be9c42cd9a9d",
                "sha256:6b7e5aa59210a40de72eb79931491eaf46fefca2952b9181268bd7c7c65c260a"
            ],
            "version": "==28.0"
        },
        "requests": {
            "hashes": [
                "sha256:27973dd4a904a4f13b263a19c866c13b92a39ed1c964655f025f3f8d3d75b804",
                "sha256:c210084e36a42ae6b9219e00e48287def368a26d03a048ddad7bfee44f75871e"
            ],
            "version": "==2.25.1"
        },
        "requests-toolbelt": {
            "hashes": [
                "sha256:380606e1d10dc85c3bd47bf5a6095f815ec007be7a8b69c878507068df059e6f",
                "sha256:968089d4584ad4ad7c171454f0a5c6dac23971e9472521ea3b6d49d610aa6fc0"
            ],
            "version": "==0.9.1"
        },
        "six": {
            "hashes": [
                "sha256:30639c035cdb23534cd4aa2dd52c3bf48f06e5f4a941509c8bafd8ce11080259",
                "sha256:8b74bedcbbbaca38ff6d7491d76f2b06b3592611af620f8426e82dddb04a5ced"
            ],
            "version": "==1.15.0"
        },
        "tqdm": {
            "hashes": [
                "sha256:4621f6823bab46a9cc33d48105753ccbea671b68bab2c50a9f0be23d4065cb5a",
                "sha256:fe3d08dd00a526850568d542ff9de9bbc2a09a791da3c334f3213d8d0bbbca65"
            ],
            "version": "==4.56.0"
        },
        "twine": {
            "hashes": [
                "sha256:630fadd6e342e725930be6c696537e3f9ccc54331742b16245dab292a17d0460",
                "sha256:a3d22aab467b4682a22de4a422632e79d07eebd07ff2a7079effb13f8a693787"
            ],
            "index": "pypi",
            "version": "==1.15.0"
        },
        "urllib3": {
            "hashes": [
                "sha256:1b465e494e3e0d8939b50680403e3aedaa2bc434b7d5af64dfd3c958d7f5ae80",
                "sha256:de3eedaad74a2683334e282005cd8d7f22f4d55fa690a2a1020a416cb0a47e73"
            ],
            "version": "==1.26.3"
        },
        "webencodings": {
            "hashes": [
                "sha256:a0af1213f3c2226497a97e2b3aa01a7e4bee4f403f95be16fc9acd2947514a78",
                "sha256:b36a1c245f2d304965eb4e0a82848379241dc04b865afcc4aab16748587e1923"
            ],
            "version": "==0.5.1"
        }
    },
    "develop": {
        "cython": {
            "hashes": [
                "sha256:02f3de6d84266693b757924fe03f68e468b130a8b6b89c800f7e52a842a25b75",
                "sha256:07facf236d3302b3120ea7eb95be43700371d5262e641b3708e09f38920affda",
                "sha256:081c4f31ae699937345ac3554646c460e78e5d3d18573cf5e8404eb76b3558cc",
                "sha256:0c0fc497ee8716831596c0c7f6ec9e3d20fec50b5a637d90449fd7f3a8b54705",
                "sha256:143be6b011a5b7e57040e57e2d0b51467e3b9dacea74242def26da0c8652af3e",
                "sha256:169bcb0e6b2cac504f2a7f8cc49ec41f9dd3d728f75518422fdca3bda5ca1018",
                "sha256:1d7d6514d1350e898f4a5b79e31b534f8df402d14eba36e041ed5c223cd132e8",
                "sha256:305f0e4636567d8c1c74ba4188634aa0d03551c23291dd55e947efe727217292",
                "sha256:38fb34a493008933c4fea7ea42929880b673d9c4b783b110df45c69088803bf3",
                "sha256:4357d09c44ce90b978a01a82383f280707b5e8428636c8b59c430e29a38d37c5",
                "sha256:53bc943f1ed16087ffc62757587361d279bdba17f0ac8e08acc97dcb8124a0de",
                "sha256:5ae8c46db6484ac07340d26f97c8a6f0e926fda7bec5c3cb198afbd530866d36",
                "sha256:5ce8bce9421581c217665f3fa72442c483f8db956a2bb9ebad68c306246b6349",
                "sha256:5d946ae61e78e0b455652f535ecdecf0adf72cda2f2ad9b66cc865f82176fbac",
                "sha256:696f72624af2a24d9673fd222707b67fea84199c59624fc2eb303294b9964039",
                "sha256:6b6d90a85656f3f1f3d97ee92a8a0d1fc9a4585be0e580adb371a2a479d6a9dd",
                "sha256:6c5c471e767dc9fa095084b5f8074278771a328f08477f58b4321a3d8a5448ae",
                "sha256:76326a1deecfa65346c7dee24a80e4d1a6dee093638c46f821a6f53e9950d79c",
                "sha256:7d4d574a17a48e1424a1c0aaa1d860e8fc7c70af5335a0c5d584b51cbed89088",
                "sha256:7d9afd98433d78f53445b74e7ed6d129e8e33e1a53daf669b953882fc7e57df2",
                "sha256:94763863f67b0e4dfb88ef77b1e84a4a311837bd399aa7080fe02cd752786589",
                "sha256:99869d71b2360ce786a2a3d78ea4ba11d60ecaebb9b478e4126c805986e62c77",
                "sha256:a2a307f22b47c731ca5c6273c6a9910f66093e0be8f9257469e6ee124e9d8050",
                "sha256:c03a2188e57e2c447284d5f543d14bf8e7eeb9fa4fc313d3ae1a946eb26ae805",
                "sha256:c7ca8b25ffde9977f951f2a42815dafb44d04aa8a6004a6e2f94c27ef483ab71",
                "sha256:d8b66a5642edc6bf4b066389e0794bfe46277340f74eb09076c877bd6e20b828",
                "sha256:da4c890df6bd32a5287bd6c7c8b98e971c3f90d29b742a70462738dfd4bfc1fc",
                "sha256:ec92d7c48f3a642ac64fd976054e6f738bce7a14eeabea9a90222519bb870a4f",
                "sha256:ed80663c92edb33c2ef92bd7c5facc995c44dc2eebe8c9333d0f034b673eb619",
                "sha256:f2b627bd434c9d3db08d9f4c8cd264e580730f64124da6ba0da8ea9f4b4bdc21",
                "sha256:fb0e172c0797837f8ce5fae9068eb951798b8745b93b46a6d90a71143d6ebd6a",
                "sha256:fcb350b4973a137ae9d8f9eed046c6cbea0ad8fc290e997c63432ff1821b50ca"
            ],
            "index": "pypi",
            "version": "==3.0a3"
        },
        "gprof2dot": {
            "hashes": [
                "sha256:b43fe04ebb3dfe181a612bbfc69e90555b8957022ad6a466f0308ed9c7f22e99"
            ],
            "index": "pypi",
            "version": "==2019.11.30"
        },
        "graphviz": {
            "hashes": [
                "sha256:cb0e878f90378489f17aab140b68e64e44b79e4cb59a530c8863d84bf2e2e5f5",
                "sha256:e104ba036c8aef84320ec80560e544cd3cad68c9f90394b4e2b87bc44ab09791"
            ],
            "index": "pypi",
            "version": "==0.14"
        }
    }
}
